// !$*UTF8*$!
{
	archiveVersion = 1;
	classes = {
	};
	objectVersion = 56;
	objects = {

/* Begin PBXBuildFile section */
		C1069FD629717F04004862BD /* TableViewCell.swift in Sources */ = {isa = PBXBuildFile; fileRef = C1069FD429717F04004862BD /* TableViewCell.swift */; };
		C1069FD729717F04004862BD /* TableViewCell.xib in Resources */ = {isa = PBXBuildFile; fileRef = C1069FD529717F04004862BD /* TableViewCell.xib */; };
		C12319DC297033A4009460EC /* AppDelegate.swift in Sources */ = {isa = PBXBuildFile; fileRef = C12319DB297033A4009460EC /* AppDelegate.swift */; };
		C12319DE297033A4009460EC /* SceneDelegate.swift in Sources */ = {isa = PBXBuildFile; fileRef = C12319DD297033A4009460EC /* SceneDelegate.swift */; };
		C12319E0297033A4009460EC /* ViewController.swift in Sources */ = {isa = PBXBuildFile; fileRef = C12319DF297033A4009460EC /* ViewController.swift */; };
		C12319E3297033A4009460EC /* Main.storyboard in Resources */ = {isa = PBXBuildFile; fileRef = C12319E1297033A4009460EC /* Main.storyboard */; };
		C12319E5297033A9009460EC /* Assets.xcassets in Resources */ = {isa = PBXBuildFile; fileRef = C12319E4297033A9009460EC /* Assets.xcassets */; };
		C12319E8297033A9009460EC /* LaunchScreen.storyboard in Resources */ = {isa = PBXBuildFile; fileRef = C12319E6297033A9009460EC /* LaunchScreen.storyboard */; };
		C18A0AA629707F3B0099C38D /* Shop.swift in Sources */ = {isa = PBXBuildFile; fileRef = C18A0AA529707F3B0099C38D /* Shop.swift */; };
		C18A0AAA297095FD0099C38D /* Product.swift in Sources */ = {isa = PBXBuildFile; fileRef = C18A0AA9297095FD0099C38D /* Product.swift */; };
		C1A015C72975A3A800EE3ACC /* ProductViewController.swift in Sources */ = {isa = PBXBuildFile; fileRef = C1A015C62975A3A800EE3ACC /* ProductViewController.swift */; };
		C1EF350A29770A8B00E0B77E /* SDWebImage in Frameworks */ = {isa = PBXBuildFile; productRef = C1EF350929770A8B00E0B77E /* SDWebImage */; };
/* End PBXBuildFile section */

/* Begin PBXFileReference section */
		C1069FD429717F04004862BD /* TableViewCell.swift */ = {isa = PBXFileReference; lastKnownFileType = sourcecode.swift; path = TableViewCell.swift; sourceTree = "<group>"; };
		C1069FD529717F04004862BD /* TableViewCell.xib */ = {isa = PBXFileReference; lastKnownFileType = file.xib; path = TableViewCell.xib; sourceTree = "<group>"; };
		C12319D8297033A4009460EC /* MyEcommerce.app */ = {isa = PBXFileReference; explicitFileType = wrapper.application; includeInIndex = 0; path = MyEcommerce.app; sourceTree = BUILT_PRODUCTS_DIR; };
		C12319DB297033A4009460EC /* AppDelegate.swift */ = {isa = PBXFileReference; lastKnownFileType = sourcecode.swift; path = AppDelegate.swift; sourceTree = "<group>"; };
		C12319DD297033A4009460EC /* SceneDelegate.swift */ = {isa = PBXFileReference; lastKnownFileType = sourcecode.swift; path = SceneDelegate.swift; sourceTree = "<group>"; };
		C12319DF297033A4009460EC /* ViewController.swift */ = {isa = PBXFileReference; lastKnownFileType = sourcecode.swift; path = ViewController.swift; sourceTree = "<group>"; };
		C12319E2297033A4009460EC /* Base */ = {isa = PBXFileReference; lastKnownFileType = file.storyboard; name = Base; path = Base.lproj/Main.storyboard; sourceTree = "<group>"; };
		C12319E4297033A9009460EC /* Assets.xcassets */ = {isa = PBXFileReference; lastKnownFileType = folder.assetcatalog; path = Assets.xcassets; sourceTree = "<group>"; };
		C12319E7297033A9009460EC /* Base */ = {isa = PBXFileReference; lastKnownFileType = file.storyboard; name = Base; path = Base.lproj/LaunchScreen.storyboard; sourceTree = "<group>"; };
		C12319E9297033A9009460EC /* Info.plist */ = {isa = PBXFileReference; lastKnownFileType = text.plist.xml; path = Info.plist; sourceTree = "<group>"; };
		C18A0AA529707F3B0099C38D /* Shop.swift */ = {isa = PBXFileReference; lastKnownFileType = sourcecode.swift; path = Shop.swift; sourceTree = "<group>"; };
		C18A0AA9297095FD0099C38D /* Product.swift */ = {isa = PBXFileReference; lastKnownFileType = sourcecode.swift; path = Product.swift; sourceTree = "<group>"; };
		C1A015C62975A3A800EE3ACC /* ProductViewController.swift */ = {isa = PBXFileReference; lastKnownFileType = sourcecode.swift; path = ProductViewController.swift; sourceTree = "<group>"; };
/* End PBXFileReference section */

/* Begin PBXFrameworksBuildPhase section */
		C12319D5297033A4009460EC /* Frameworks */ = {
			isa = PBXFrameworksBuildPhase;
			buildActionMask = 2147483647;
			files = (
				C1EF350A29770A8B00E0B77E /* SDWebImage in Frameworks */,
			);
			runOnlyForDeploymentPostprocessing = 0;
		};
/* End PBXFrameworksBuildPhase section */

/* Begin PBXGroup section */
		2DC4F91AF5C18D815B110036 /* Pods */ = {
			isa = PBXGroup;
			children = (
			);
			path = Pods;
			sourceTree = "<group>";
		};
		C12319CF297033A4009460EC = {
			isa = PBXGroup;
			children = (
				C12319DA297033A4009460EC /* MyEcommerce */,
				C12319D9297033A4009460EC /* Products */,
				2DC4F91AF5C18D815B110036 /* Pods */,
			);
			sourceTree = "<group>";
		};
		C12319D9297033A4009460EC /* Products */ = {
			isa = PBXGroup;
			children = (
				C12319D8297033A4009460EC /* MyEcommerce.app */,
			);
			name = Products;
			sourceTree = "<group>";
		};
		C12319DA297033A4009460EC /* MyEcommerce */ = {
			isa = PBXGroup;
			children = (
				C12319DB297033A4009460EC /* AppDelegate.swift */,
				C12319DD297033A4009460EC /* SceneDelegate.swift */,
				C12319DF297033A4009460EC /* ViewController.swift */,
				C1A015C62975A3A800EE3ACC /* ProductViewController.swift */,
				C12319E1297033A4009460EC /* Main.storyboard */,
				C1069FD429717F04004862BD /* TableViewCell.swift */,
				C1069FD529717F04004862BD /* TableViewCell.xib */,
				C12319E4297033A9009460EC /* Assets.xcassets */,
				C12319E6297033A9009460EC /* LaunchScreen.storyboard */,
				C12319E9297033A9009460EC /* Info.plist */,
				C18A0AA529707F3B0099C38D /* Shop.swift */,
				C18A0AA9297095FD0099C38D /* Product.swift */,
			);
			path = MyEcommerce;
			sourceTree = "<group>";
		};
/* End PBXGroup section */

/* Begin PBXNativeTarget section */
		C12319D7297033A4009460EC /* MyEcommerce */ = {
			isa = PBXNativeTarget;
			buildConfigurationList = C12319EC297033A9009460EC /* Build configuration list for PBXNativeTarget "MyEcommerce" */;
			buildPhases = (
				C12319D4297033A4009460EC /* Sources */,
				C12319D5297033A4009460EC /* Frameworks */,
				C12319D6297033A4009460EC /* Resources */,
			);
			buildRules = (
			);
			dependencies = (
			);
			name = MyEcommerce;
			packageProductDependencies = (
				C1EF350929770A8B00E0B77E /* SDWebImage */,
			);
			productName = MyEcommerce;
			productReference = C12319D8297033A4009460EC /* MyEcommerce.app */;
			productType = "com.apple.product-type.application";
		};
/* End PBXNativeTarget section */

/* Begin PBXProject section */
		C12319D0297033A4009460EC /* Project object */ = {
			isa = PBXProject;
			attributes = {
				BuildIndependentTargetsInParallel = 1;
				LastSwiftUpdateCheck = 1400;
				LastUpgradeCheck = 1400;
				TargetAttributes = {
					C12319D7297033A4009460EC = {
						CreatedOnToolsVersion = 14.0;
					};
				};
			};
			buildConfigurationList = C12319D3297033A4009460EC /* Build configuration list for PBXProject "MyEcommerce" */;
			compatibilityVersion = "Xcode 14.0";
			developmentRegion = en;
			hasScannedForEncodings = 0;
			knownRegions = (
				en,
				Base,
			);
			mainGroup = C12319CF297033A4009460EC;
			packageReferences = (
				C1EF350829770A8B00E0B77E /* XCRemoteSwiftPackageReference "SDWebImage.git" */,
			);
			productRefGroup = C12319D9297033A4009460EC /* Products */;
			projectDirPath = "";
			projectRoot = "";
			targets = (
				C12319D7297033A4009460EC /* MyEcommerce */,
			);
		};
/* End PBXProject section */

/* Begin PBXResourcesBuildPhase section */
		C12319D6297033A4009460EC /* Resources */ = {
			isa = PBXResourcesBuildPhase;
			buildActionMask = 2147483647;
			files = (
				C1069FD729717F04004862BD /* TableViewCell.xib in Resources */,
				C12319E8297033A9009460EC /* LaunchScreen.storyboard in Resources */,
				C12319E5297033A9009460EC /* Assets.xcassets in Resources */,
				C12319E3297033A4009460EC /* Main.storyboard in Resources */,
			);
			runOnlyForDeploymentPostprocessing = 0;
		};
/* End PBXResourcesBuildPhase section */

/* Begin PBXSourcesBuildPhase section */
		C12319D4297033A4009460EC /* Sources */ = {
			isa = PBXSourcesBuildPhase;
			buildActionMask = 2147483647;
			files = (
				C12319E0297033A4009460EC /* ViewController.swift in Sources */,
				C12319DC297033A4009460EC /* AppDelegate.swift in Sources */,
				C18A0AAA297095FD0099C38D /* Product.swift in Sources */,
				C1A015C72975A3A800EE3ACC /* ProductViewController.swift in Sources */,
				C18A0AA629707F3B0099C38D /* Shop.swift in Sources */,
				C1069FD629717F04004862BD /* TableViewCell.swift in Sources */,
				C12319DE297033A4009460EC /* SceneDelegate.swift in Sources */,
			);
			runOnlyForDeploymentPostprocessing = 0;
		};
/* End PBXSourcesBuildPhase section */

/* Begin PBXVariantGroup section */
		C12319E1297033A4009460EC /* Main.storyboard */ = {
			isa = PBXVariantGroup;
			children = (
				C12319E2297033A4009460EC /* Base */,
			);
			name = Main.storyboard;
			sourceTree = "<group>";
		};
		C12319E6297033A9009460EC /* LaunchScreen.storyboard */ = {
			isa = PBXVariantGroup;
			children = (
				C12319E7297033A9009460EC /* Base */,
			);
			name = LaunchScreen.storyboard;
			sourceTree = "<group>";
		};
/* End PBXVariantGroup section */

/* Begin XCBuildConfiguration section */
		C12319EA297033A9009460EC /* Debug */ = {
			isa = XCBuildConfiguration;
			buildSettings = {
				ALWAYS_SEARCH_USER_PATHS = NO;
				CLANG_ANALYZER_NONNULL = YES;
				CLANG_ANALYZER_NUMBER_OBJECT_CONVERSION = YES_AGGRESSIVE;
				CLANG_CXX_LANGUAGE_STANDARD = "gnu++20";
				CLANG_ENABLE_MODULES = YES;
				CLANG_ENABLE_OBJC_ARC = YES;
				CLANG_ENABLE_OBJC_WEAK = YES;
				CLANG_WARN_BLOCK_CAPTURE_AUTORELEASING = YES;
				CLANG_WARN_BOOL_CONVERSION = YES;
				CLANG_WARN_COMMA = YES;
				CLANG_WARN_CONSTANT_CONVERSION = YES;
				CLANG_WARN_DEPRECATED_OBJC_IMPLEMENTATIONS = YES;
				CLANG_WARN_DIRECT_OBJC_ISA_USAGE = YES_ERROR;
				CLANG_WARN_DOCUMENTATION_COMMENTS = YES;
				CLANG_WARN_EMPTY_BODY = YES;
				CLANG_WARN_ENUM_CONVERSION = YES;
				CLANG_WARN_INFINITE_RECURSION = YES;
				CLANG_WARN_INT_CONVERSION = YES;
				CLANG_WARN_NON_LITERAL_NULL_CONVERSION = YES;
				CLANG_WARN_OBJC_IMPLICIT_RETAIN_SELF = YES;
				CLANG_WARN_OBJC_LITERAL_CONVERSION = YES;
				CLANG_WARN_OBJC_ROOT_CLASS = YES_ERROR;
				CLANG_WARN_QUOTED_INCLUDE_IN_FRAMEWORK_HEADER = YES;
				CLANG_WARN_RANGE_LOOP_ANALYSIS = YES;
				CLANG_WARN_STRICT_PROTOTYPES = YES;
				CLANG_WARN_SUSPICIOUS_MOVE = YES;
				CLANG_WARN_UNGUARDED_AVAILABILITY = YES_AGGRESSIVE;
				CLANG_WARN_UNREACHABLE_CODE = YES;
				CLANG_WARN__DUPLICATE_METHOD_MATCH = YES;
				COPY_PHASE_STRIP = NO;
				DEBUG_INFORMATION_FORMAT = dwarf;
				ENABLE_STRICT_OBJC_MSGSEND = YES;
				ENABLE_TESTABILITY = YES;
				GCC_C_LANGUAGE_STANDARD = gnu11;
				GCC_DYNAMIC_NO_PIC = NO;
				GCC_NO_COMMON_BLOCKS = YES;
				GCC_OPTIMIZATION_LEVEL = 0;
				GCC_PREPROCESSOR_DEFINITIONS = (
					"DEBUG=1",
					"$(inherited)",
				);
				GCC_WARN_64_TO_32_BIT_CONVERSION = YES;
				GCC_WARN_ABOUT_RETURN_TYPE = YES_ERROR;
				GCC_WARN_UNDECLARED_SELECTOR = YES;
				GCC_WARN_UNINITIALIZED_AUTOS = YES_AGGRESSIVE;
				GCC_WARN_UNUSED_FUNCTION = YES;
				GCC_WARN_UNUSED_VARIABLE = YES;
				IPHONEOS_DEPLOYMENT_TARGET = 16.0;
				MTL_ENABLE_DEBUG_INFO = INCLUDE_SOURCE;
				MTL_FAST_MATH = YES;
				ONLY_ACTIVE_ARCH = YES;
				SDKROOT = iphoneos;
				SWIFT_ACTIVE_COMPILATION_CONDITIONS = DEBUG;
				SWIFT_OPTIMIZATION_LEVEL = "-Onone";
			};
			name = Debug;
		};
		C12319EB297033A9009460EC /* Release */ = {
			isa = XCBuildConfiguration;
			buildSettings = {
				ALWAYS_SEARCH_USER_PATHS = NO;
				CLANG_ANALYZER_NONNULL = YES;
				CLANG_ANALYZER_NUMBER_OBJECT_CONVERSION = YES_AGGRESSIVE;
				CLANG_CXX_LANGUAGE_STANDARD = "gnu++20";
				CLANG_ENABLE_MODULES = YES;
				CLANG_ENABLE_OBJC_ARC = YES;
				CLANG_ENABLE_OBJC_WEAK = YES;
				CLANG_WARN_BLOCK_CAPTURE_AUTORELEASING = YES;
				CLANG_WARN_BOOL_CONVERSION = YES;
				CLANG_WARN_COMMA = YES;
				CLANG_WARN_CONSTANT_CONVERSION = YES;
				CLANG_WARN_DEPRECATED_OBJC_IMPLEMENTATIONS = YES;
				CLANG_WARN_DIRECT_OBJC_ISA_USAGE = YES_ERROR;
				CLANG_WARN_DOCUMENTATION_COMMENTS = YES;
				CLANG_WARN_EMPTY_BODY = YES;
				CLANG_WARN_ENUM_CONVERSION = YES;
				CLANG_WARN_INFINITE_RECURSION = YES;
				CLANG_WARN_INT_CONVERSION = YES;
				CLANG_WARN_NON_LITERAL_NULL_CONVERSION = YES;
				CLANG_WARN_OBJC_IMPLICIT_RETAIN_SELF = YES;
				CLANG_WARN_OBJC_LITERAL_CONVERSION = YES;
				CLANG_WARN_OBJC_ROOT_CLASS = YES_ERROR;
				CLANG_WARN_QUOTED_INCLUDE_IN_FRAMEWORK_HEADER = YES;
				CLANG_WARN_RANGE_LOOP_ANALYSIS = YES;
				CLANG_WARN_STRICT_PROTOTYPES = YES;
				CLANG_WARN_SUSPICIOUS_MOVE = YES;
				CLANG_WARN_UNGUARDED_AVAILABILITY = YES_AGGRESSIVE;
				CLANG_WARN_UNREACHABLE_CODE = YES;
				CLANG_WARN__DUPLICATE_METHOD_MATCH = YES;
				COPY_PHASE_STRIP = NO;
				DEBUG_INFORMATION_FORMAT = "dwarf-with-dsym";
				ENABLE_NS_ASSERTIONS = NO;
				ENABLE_STRICT_OBJC_MSGSEND = YES;
				GCC_C_LANGUAGE_STANDARD = gnu11;
				GCC_NO_COMMON_BLOCKS = YES;
				GCC_WARN_64_TO_32_BIT_CONVERSION = YES;
				GCC_WARN_ABOUT_RETURN_TYPE = YES_ERROR;
				GCC_WARN_UNDECLARED_SELECTOR = YES;
				GCC_WARN_UNINITIALIZED_AUTOS = YES_AGGRESSIVE;
				GCC_WARN_UNUSED_FUNCTION = YES;
				GCC_WARN_UNUSED_VARIABLE = YES;
				IPHONEOS_DEPLOYMENT_TARGET = 16.0;
				MTL_ENABLE_DEBUG_INFO = NO;
				MTL_FAST_MATH = YES;
				SDKROOT = iphoneos;
				SWIFT_COMPILATION_MODE = wholemodule;
				SWIFT_OPTIMIZATION_LEVEL = "-O";
				VALIDATE_PRODUCT = YES;
			};
			name = Release;
		};
		C12319ED297033A9009460EC /* Debug */ = {
			isa = XCBuildConfiguration;
			buildSettings = {
				ASSETCATALOG_COMPILER_APPICON_NAME = AppIcon;
				ASSETCATALOG_COMPILER_GLOBAL_ACCENT_COLOR_NAME = AccentColor;
				CODE_SIGN_STYLE = Automatic;
				CURRENT_PROJECT_VERSION = 1;
				GENERATE_INFOPLIST_FILE = YES;
				INFOPLIST_FILE = MyEcommerce/Info.plist;
				INFOPLIST_KEY_UIApplicationSupportsIndirectInputEvents = YES;
				INFOPLIST_KEY_UILaunchStoryboardName = LaunchScreen;
				INFOPLIST_KEY_UIMainStoryboardFile = Main;
				INFOPLIST_KEY_UISupportedInterfaceOrientations_iPad = "UIInterfaceOrientationPortrait UIInterfaceOrientationPortraitUpsideDown UIInterfaceOrientationLandscapeLeft UIInterfaceOrientationLandscapeRight";
				INFOPLIST_KEY_UISupportedInterfaceOrientations_iPhone = "UIInterfaceOrientationPortrait UIInterfaceOrientationLandscapeLeft UIInterfaceOrientationLandscapeRight";
				IPHONEOS_DEPLOYMENT_TARGET = 13.0;
				LD_RUNPATH_SEARCH_PATHS = (
					"$(inherited)",
					"@executable_path/Frameworks",
				);
				MARKETING_VERSION = 1.0;
				PRODUCT_BUNDLE_IDENTIFIER = co.mahfuj.MyEcommerce;
				PRODUCT_NAME = "$(TARGET_NAME)";
				SWIFT_EMIT_LOC_STRINGS = YES;
				SWIFT_VERSION = 5.0;
				TARGETED_DEVICE_FAMILY = "1,2";
			};
			name = Debug;
		};
		C12319EE297033A9009460EC /* Release */ = {
			isa = XCBuildConfiguration;
			buildSettings = {
				ASSETCATALOG_COMPILER_APPICON_NAME = AppIcon;
				ASSETCATALOG_COMPILER_GLOBAL_ACCENT_COLOR_NAME = AccentColor;
				CODE_SIGN_STYLE = Automatic;
				CURRENT_PROJECT_VERSION = 1;
				GENERATE_INFOPLIST_FILE = YES;
				INFOPLIST_FILE = MyEcommerce/Info.plist;
				INFOPLIST_KEY_UIApplicationSupportsIndirectInputEvents = YES;
				INFOPLIST_KEY_UILaunchStoryboardName = LaunchScreen;
				INFOPLIST_KEY_UIMainStoryboardFile = Main;
				INFOPLIST_KEY_UISupportedInterfaceOrientations_iPad = "UIInterfaceOrientationPortrait UIInterfaceOrientationPortraitUpsideDown UIInterfaceOrientationLandscapeLeft UIInterfaceOrientationLandscapeRight";
				INFOPLIST_KEY_UISupportedInterfaceOrientations_iPhone = "UIInterfaceOrientationPortrait UIInterfaceOrientationLandscapeLeft UIInterfaceOrientationLandscapeRight";
				IPHONEOS_DEPLOYMENT_TARGET = 13.0;
				LD_RUNPATH_SEARCH_PATHS = (
					"$(inherited)",
					"@executable_path/Frameworks",
				);
				MARKETING_VERSION = 1.0;
				PRODUCT_BUNDLE_IDENTIFIER = co.mahfuj.MyEcommerce;
				PRODUCT_NAME = "$(TARGET_NAME)";
				SWIFT_EMIT_LOC_STRINGS = YES;
				SWIFT_VERSION = 5.0;
				TARGETED_DEVICE_FAMILY = "1,2";
			};
			name = Release;
		};
/* End XCBuildConfiguration section */

/* Begin XCConfigurationList section */
		C12319D3297033A4009460EC /* Build configuration list for PBXProject "MyEcommerce" */ = {
			isa = XCConfigurationList;
			buildConfigurations = (
				C12319EA297033A9009460EC /* Debug */,
				C12319EB297033A9009460EC /* Release */,
			);
			defaultConfigurationIsVisible = 0;
			defaultConfigurationName = Release;
		};
		C12319EC297033A9009460EC /* Build configuration list for PBXNativeTarget "MyEcommerce" */ = {
			isa = XCConfigurationList;
			buildConfigurations = (
				C12319ED297033A9009460EC /* Debug */,
				C12319EE297033A9009460EC /* Release */,
			);
			defaultConfigurationIsVisible = 0;
			defaultConfigurationName = Release;
		};
/* End XCConfigurationList section */

/* Begin XCRemoteSwiftPackageReference section */
		C1EF350829770A8B00E0B77E /* XCRemoteSwiftPackageReference "SDWebImage.git" */ = {
			isa = XCRemoteSwiftPackageReference;
			repositoryURL = "https://github.com/SDWebImage/SDWebImage.git";
			requirement = {
				kind = upToNextMajorVersion;
				minimumVersion = 5.0.0;
			};
		};
/* End XCRemoteSwiftPackageReference section */

/* Begin XCSwiftPackageProductDependency section */
		C1EF350929770A8B00E0B77E /* SDWebImage */ = {
			isa = XCSwiftPackageProductDependency;
			package = C1EF350829770A8B00E0B77E /* XCRemoteSwiftPackageReference "SDWebImage.git" */;
			productName = SDWebImage;
		};
/* End XCSwiftPackageProductDependency section */
	};
	rootObject = C12319D0297033A4009460EC /* Project object */;
}
